<?xml version="1.0" encoding="UTF-8"?>
<Project ToolsVersion="12.0" xmlns="http://schemas.microsoft.com/developer/msbuild/2003">
  <ItemGroup>
    <ClCompile Include="D:\Zen\Independent Study\Harris3DSrouce\HarrisDetector.cpp">
      <Filter>Source Files</Filter>
    </ClCompile>
    <ClCompile Include="D:\Zen\Independent Study\Harris3DSrouce\main.cpp">
      <Filter>Source Files</Filter>
    </ClCompile>
    <ClCompile Include="D:\Zen\Independent Study\Harris3DSrouce\Mesh.cpp">
      <Filter>Source Files</Filter>
    </ClCompile>
    <ClCompile Include="D:\Zen\Independent Study\Harris3DSrouce\Properties.cpp">
      <Filter>Source Files</Filter>
    </ClCompile>
    <ClCompile Include="D:\Zen\Independent Study\Harris3DSrouce\util.cpp">
      <Filter>Source Files</Filter>
    </ClCompile>
    <ClCompile Include="D:\Zen\Independent Study\Harris3DSrouce\Vertex.cpp">
      <Filter>Source Files</Filter>
    </ClCompile>
  </ItemGroup>
  <ItemGroup>
    <ClInclude Include="D:\Zen\Independent Study\Harris3DSrouce\Clock.h">
      <Filter>Header Files</Filter>
    </ClInclude>
    <ClInclude Include="D:\Zen\Independent Study\Harris3DSrouce\Distance.h">
      <Filter>Header Files</Filter>
    </ClInclude>
    <ClInclude Include="D:\Zen\Independent Study\Harris3DSrouce\Face.h">
      <Filter>Header Files</Filter>
    </ClInclude>
    <ClInclude Include="D:\Zen\Independent Study\Harris3DSrouce\HarrisDetector.h">
      <Filter>Header Files</Filter>
    </ClInclude>
    <ClInclude Include="D:\Zen\Independent Study\Harris3DSrouce\Mesh.h">
      <Filter>Header Files</Filter>
    </ClInclude>
    <ClInclude Include="D:\Zen\Independent Study\Harris3DSrouce\Properties.h">
      <Filter>Header Files</Filter>
    </ClInclude>
    <ClInclude Include="D:\Zen\Independent Study\Harris3DSrouce\util.h">
      <Filter>Header Files</Filter>
    </ClInclude>
    <ClInclude Include="D:\Zen\Independent Study\Harris3DSrouce\Vertex.h">
      <Filter>Header Files</Filter>
    </ClInclude>
  </ItemGroup>
  <ItemGroup>
    <CustomBuild Include="D:\Zen\Independent Study\Harris3DSrouce\CMakeLists.txt" />
  </ItemGroup>
  <ItemGroup>
    <None Include="D:\Zen\Independent Study\Harris3DSrouce\example.prop" />
  </ItemGroup>
  <ItemGroup>
    <Filter Include="Source Files">
      <UniqueIdentifier>{C37930F0-1140-3711-8BCC-30727E4F3B69}</UniqueIdentifier>
    </Filter>
    <Filter Include="Header Files">
      <UniqueIdentifier>{9B34EDD4-5E0D-354C-BEDE-34CD37D3A24C}</UniqueIdentifier>
    </Filter>
  </ItemGroup>
</Project>
